// !$*UTF8*$!
{
	archiveVersion = 1;
	classes = {
	};
	objectVersion = 55;
	objects = {

/* Begin PBXBuildFile section */
		5272E23A2C1663360083F7FC /* AppDelegate.swift in Sources */ = {isa = PBXBuildFile; fileRef = 5272E2392C1663360083F7FC /* AppDelegate.swift */; };
		5272E23C2C1663360083F7FC /* SceneDelegate.swift in Sources */ = {isa = PBXBuildFile; fileRef = 5272E23B2C1663360083F7FC /* SceneDelegate.swift */; };
		5272E2432C1663370083F7FC /* Assets.xcassets in Resources */ = {isa = PBXBuildFile; fileRef = 5272E2422C1663370083F7FC /* Assets.xcassets */; };
		5272E2462C1663370083F7FC /* Base in Resources */ = {isa = PBXBuildFile; fileRef = 5272E2452C1663370083F7FC /* Base */; };
		5272E2552C16750D0083F7FC /* Rubik-Regular.ttf in Resources */ = {isa = PBXBuildFile; fileRef = 5272E2512C16750D0083F7FC /* Rubik-Regular.ttf */; };
		5272E2562C16750D0083F7FC /* Rubik-Bold.ttf in Resources */ = {isa = PBXBuildFile; fileRef = 5272E2522C16750D0083F7FC /* Rubik-Bold.ttf */; };
		5272E2572C16750D0083F7FC /* Rubik-Black.ttf in Resources */ = {isa = PBXBuildFile; fileRef = 5272E2532C16750D0083F7FC /* Rubik-Black.ttf */; };
		5272E2582C16750D0083F7FC /* Rubik-Medium.ttf in Resources */ = {isa = PBXBuildFile; fileRef = 5272E2542C16750D0083F7FC /* Rubik-Medium.ttf */; };
		5272E25B2C16754B0083F7FC /* Poppins-Black.ttf in Resources */ = {isa = PBXBuildFile; fileRef = 5272E2592C16754B0083F7FC /* Poppins-Black.ttf */; };
		5272E25C2C16754B0083F7FC /* Poppins-Regular.ttf in Resources */ = {isa = PBXBuildFile; fileRef = 5272E25A2C16754B0083F7FC /* Poppins-Regular.ttf */; };
		5272E25E2C1676940083F7FC /* Font.swift in Sources */ = {isa = PBXBuildFile; fileRef = 5272E25D2C1676940083F7FC /* Font.swift */; };
		5272E26F2C167FC40083F7FC /* MainViewController.swift in Sources */ = {isa = PBXBuildFile; fileRef = 5272E26E2C167FC40083F7FC /* MainViewController.swift */; };
		5272E2712C1680B50083F7FC /* RulesViewController.swift in Sources */ = {isa = PBXBuildFile; fileRef = 5272E2702C1680B50083F7FC /* RulesViewController.swift */; };
		5272E2732C1680E70083F7FC /* GameViewController.swift in Sources */ = {isa = PBXBuildFile; fileRef = 5272E2722C1680E70083F7FC /* GameViewController.swift */; };
		5272E2752C16818C0083F7FC /* FightLoadViewController.swift in Sources */ = {isa = PBXBuildFile; fileRef = 5272E2742C16818C0083F7FC /* FightLoadViewController.swift */; };
		5272E2812C16823B0083F7FC /* FightResultsViewController.swift in Sources */ = {isa = PBXBuildFile; fileRef = 5272E2802C16823B0083F7FC /* FightResultsViewController.swift */; };
		DC8ACFF02C175B1700F4C46E /* PlayerStats.swift in Sources */ = {isa = PBXBuildFile; fileRef = DC8ACFEF2C175B1700F4C46E /* PlayerStats.swift */; };
/* End PBXBuildFile section */

/* Begin PBXFileReference section */
		5272E2362C1663360083F7FC /* EpicRPS.app */ = {isa = PBXFileReference; explicitFileType = wrapper.application; includeInIndex = 0; path = EpicRPS.app; sourceTree = BUILT_PRODUCTS_DIR; };
		5272E2392C1663360083F7FC /* AppDelegate.swift */ = {isa = PBXFileReference; lastKnownFileType = sourcecode.swift; path = AppDelegate.swift; sourceTree = "<group>"; };
		5272E23B2C1663360083F7FC /* SceneDelegate.swift */ = {isa = PBXFileReference; lastKnownFileType = sourcecode.swift; path = SceneDelegate.swift; sourceTree = "<group>"; };
		5272E2422C1663370083F7FC /* Assets.xcassets */ = {isa = PBXFileReference; lastKnownFileType = folder.assetcatalog; path = Assets.xcassets; sourceTree = "<group>"; };
		5272E2452C1663370083F7FC /* Base */ = {isa = PBXFileReference; lastKnownFileType = file.storyboard; name = Base; path = Base.lproj/LaunchScreen.storyboard; sourceTree = "<group>"; };
		5272E2472C1663370083F7FC /* Info.plist */ = {isa = PBXFileReference; lastKnownFileType = text.plist.xml; path = Info.plist; sourceTree = "<group>"; };
		5272E2512C16750D0083F7FC /* Rubik-Regular.ttf */ = {isa = PBXFileReference; lastKnownFileType = file; path = "Rubik-Regular.ttf"; sourceTree = "<group>"; };
		5272E2522C16750D0083F7FC /* Rubik-Bold.ttf */ = {isa = PBXFileReference; lastKnownFileType = file; path = "Rubik-Bold.ttf"; sourceTree = "<group>"; };
		5272E2532C16750D0083F7FC /* Rubik-Black.ttf */ = {isa = PBXFileReference; lastKnownFileType = file; path = "Rubik-Black.ttf"; sourceTree = "<group>"; };
		5272E2542C16750D0083F7FC /* Rubik-Medium.ttf */ = {isa = PBXFileReference; lastKnownFileType = file; path = "Rubik-Medium.ttf"; sourceTree = "<group>"; };
		5272E2592C16754B0083F7FC /* Poppins-Black.ttf */ = {isa = PBXFileReference; lastKnownFileType = file; path = "Poppins-Black.ttf"; sourceTree = "<group>"; };
		5272E25A2C16754B0083F7FC /* Poppins-Regular.ttf */ = {isa = PBXFileReference; lastKnownFileType = file; path = "Poppins-Regular.ttf"; sourceTree = "<group>"; };
		5272E25D2C1676940083F7FC /* Font.swift */ = {isa = PBXFileReference; lastKnownFileType = sourcecode.swift; path = Font.swift; sourceTree = "<group>"; };
		5272E26E2C167FC40083F7FC /* MainViewController.swift */ = {isa = PBXFileReference; lastKnownFileType = sourcecode.swift; path = MainViewController.swift; sourceTree = "<group>"; };
		5272E2702C1680B50083F7FC /* RulesViewController.swift */ = {isa = PBXFileReference; lastKnownFileType = sourcecode.swift; path = RulesViewController.swift; sourceTree = "<group>"; };
		5272E2722C1680E70083F7FC /* GameViewController.swift */ = {isa = PBXFileReference; lastKnownFileType = sourcecode.swift; path = GameViewController.swift; sourceTree = "<group>"; };
		5272E2742C16818C0083F7FC /* FightLoadViewController.swift */ = {isa = PBXFileReference; lastKnownFileType = sourcecode.swift; path = FightLoadViewController.swift; sourceTree = "<group>"; };
		5272E2802C16823B0083F7FC /* FightResultsViewController.swift */ = {isa = PBXFileReference; lastKnownFileType = sourcecode.swift; path = FightResultsViewController.swift; sourceTree = "<group>"; };
		DC8ACFEF2C175B1700F4C46E /* PlayerStats.swift */ = {isa = PBXFileReference; lastKnownFileType = sourcecode.swift; path = PlayerStats.swift; sourceTree = "<group>"; };
/* End PBXFileReference section */

/* Begin PBXFrameworksBuildPhase section */
		5272E2332C1663360083F7FC /* Frameworks */ = {
			isa = PBXFrameworksBuildPhase;
			buildActionMask = 2147483647;
			files = (
			);
			runOnlyForDeploymentPostprocessing = 0;
		};
/* End PBXFrameworksBuildPhase section */

/* Begin PBXGroup section */
		5272E22D2C1663360083F7FC = {
			isa = PBXGroup;
			children = (
				5272E2382C1663360083F7FC /* EpicRPS */,
				5272E2372C1663360083F7FC /* Products */,
			);
			sourceTree = "<group>";
		};
		5272E2372C1663360083F7FC /* Products */ = {
			isa = PBXGroup;
			children = (
				5272E2362C1663360083F7FC /* EpicRPS.app */,
			);
			name = Products;
			sourceTree = "<group>";
		};
		5272E2382C1663360083F7FC /* EpicRPS */ = {
			isa = PBXGroup;
			children = (
				5272E25F2C167E3F0083F7FC /* MainModule */,
				5272E2612C167E4E0083F7FC /* GameModule */,
				5272E2602C167E440083F7FC /* RulesModule */,
				5272E2622C167E660083F7FC /* FightResultsModule */,
				5272E2632C167E6D0083F7FC /* SettingsModule */,
				5272E2762C1681BF0083F7FC /* StatisticsModule */,
				5272E24E2C16647B0083F7FC /* Application */,
				5272E24F2C1664870083F7FC /* SupportingFiles */,
			);
			path = EpicRPS;
			sourceTree = "<group>";
		};
		5272E24E2C16647B0083F7FC /* Application */ = {
			isa = PBXGroup;
			children = (
				5272E2392C1663360083F7FC /* AppDelegate.swift */,
				5272E23B2C1663360083F7FC /* SceneDelegate.swift */,
			);
			path = Application;
			sourceTree = "<group>";
		};
		5272E24F2C1664870083F7FC /* SupportingFiles */ = {
			isa = PBXGroup;
			children = (
				5272E2502C16736A0083F7FC /* Fonts */,
				5272E2422C1663370083F7FC /* Assets.xcassets */,
				5272E2442C1663370083F7FC /* LaunchScreen.storyboard */,
				5272E2472C1663370083F7FC /* Info.plist */,
			);
			path = SupportingFiles;
			sourceTree = "<group>";
		};
		5272E2502C16736A0083F7FC /* Fonts */ = {
			isa = PBXGroup;
			children = (
				5272E25D2C1676940083F7FC /* Font.swift */,
				5272E2592C16754B0083F7FC /* Poppins-Black.ttf */,
				5272E25A2C16754B0083F7FC /* Poppins-Regular.ttf */,
				5272E2532C16750D0083F7FC /* Rubik-Black.ttf */,
				5272E2522C16750D0083F7FC /* Rubik-Bold.ttf */,
				5272E2542C16750D0083F7FC /* Rubik-Medium.ttf */,
				5272E2512C16750D0083F7FC /* Rubik-Regular.ttf */,
			);
			path = Fonts;
			sourceTree = "<group>";
		};
		5272E25F2C167E3F0083F7FC /* MainModule */ = {
			isa = PBXGroup;
			children = (
				5272E2642C167F040083F7FC /* View */,
				5272E2652C167F0D0083F7FC /* Controller */,
			);
			path = MainModule;
			sourceTree = "<group>";
		};
		5272E2602C167E440083F7FC /* RulesModule */ = {
			isa = PBXGroup;
			children = (
				5272E2692C167F230083F7FC /* Model */,
				5272E26B2C167F300083F7FC /* View */,
				5272E26A2C167F260083F7FC /* Controller */,
			);
			path = RulesModule;
			sourceTree = "<group>";
		};
		5272E2612C167E4E0083F7FC /* GameModule */ = {
			isa = PBXGroup;
			children = (
				5272E2662C167F130083F7FC /* Model */,
				5272E2672C167F190083F7FC /* View */,
				5272E2682C167F1C0083F7FC /* Controller */,
			);
			path = GameModule;
			sourceTree = "<group>";
		};
		5272E2622C167E660083F7FC /* FightResultsModule */ = {
			isa = PBXGroup;
			children = (
				5272E27F2C16821D0083F7FC /* Model */,
				5272E27E2C16821C0083F7FC /* View */,
				5272E27D2C1682160083F7FC /* Controller */,
			);
			path = FightResultsModule;
			sourceTree = "<group>";
		};
		5272E2632C167E6D0083F7FC /* SettingsModule */ = {
			isa = PBXGroup;
			children = (
			);
			path = SettingsModule;
			sourceTree = "<group>";
		};
		5272E2642C167F040083F7FC /* View */ = {
			isa = PBXGroup;
			children = (
			);
			path = View;
			sourceTree = "<group>";
		};
		5272E2652C167F0D0083F7FC /* Controller */ = {
			isa = PBXGroup;
			children = (
				5272E26E2C167FC40083F7FC /* MainViewController.swift */,
				5272E2742C16818C0083F7FC /* FightLoadViewController.swift */,
			);
			path = Controller;
			sourceTree = "<group>";
		};
		5272E2662C167F130083F7FC /* Model */ = {
			isa = PBXGroup;
			children = (
				DC8ACFEF2C175B1700F4C46E /* PlayerStats.swift */,
			);
			path = Model;
			sourceTree = "<group>";
		};
		5272E2672C167F190083F7FC /* View */ = {
			isa = PBXGroup;
			children = (
			);
			path = View;
			sourceTree = "<group>";
		};
		5272E2682C167F1C0083F7FC /* Controller */ = {
			isa = PBXGroup;
			children = (
				5272E2722C1680E70083F7FC /* GameViewController.swift */,
			);
			path = Controller;
			sourceTree = "<group>";
		};
		5272E2692C167F230083F7FC /* Model */ = {
			isa = PBXGroup;
			children = (
			);
			path = Model;
			sourceTree = "<group>";
		};
		5272E26A2C167F260083F7FC /* Controller */ = {
			isa = PBXGroup;
			children = (
				5272E2702C1680B50083F7FC /* RulesViewController.swift */,
			);
			path = Controller;
			sourceTree = "<group>";
		};
		5272E26B2C167F300083F7FC /* View */ = {
			isa = PBXGroup;
			children = (
			);
			path = View;
			sourceTree = "<group>";
		};
		5272E2762C1681BF0083F7FC /* StatisticsModule */ = {
			isa = PBXGroup;
			children = (
			);
			path = StatisticsModule;
			sourceTree = "<group>";
		};
		5272E27D2C1682160083F7FC /* Controller */ = {
			isa = PBXGroup;
			children = (
				5272E2802C16823B0083F7FC /* FightResultsViewController.swift */,
			);
			path = Controller;
			sourceTree = "<group>";
		};
		5272E27E2C16821C0083F7FC /* View */ = {
			isa = PBXGroup;
			children = (
			);
			path = View;
			sourceTree = "<group>";
		};
		5272E27F2C16821D0083F7FC /* Model */ = {
			isa = PBXGroup;
			children = (
			);
			path = Model;
			sourceTree = "<group>";
		};
/* End PBXGroup section */

/* Begin PBXNativeTarget section */
		5272E2352C1663360083F7FC /* EpicRPS */ = {
			isa = PBXNativeTarget;
			buildConfigurationList = 5272E24A2C1663370083F7FC /* Build configuration list for PBXNativeTarget "EpicRPS" */;
			buildPhases = (
				5272E2322C1663360083F7FC /* Sources */,
				5272E2332C1663360083F7FC /* Frameworks */,
				5272E2342C1663360083F7FC /* Resources */,
			);
			buildRules = (
			);
			dependencies = (
			);
			name = EpicRPS;
			productName = EpicRPS;
			productReference = 5272E2362C1663360083F7FC /* EpicRPS.app */;
			productType = "com.apple.product-type.application";
		};
/* End PBXNativeTarget section */

/* Begin PBXProject section */
		5272E22E2C1663360083F7FC /* Project object */ = {
			isa = PBXProject;
			attributes = {
				BuildIndependentTargetsInParallel = 1;
				LastSwiftUpdateCheck = 1530;
				LastUpgradeCheck = 1530;
				TargetAttributes = {
					5272E2352C1663360083F7FC = {
						CreatedOnToolsVersion = 15.3;
					};
				};
			};
			buildConfigurationList = 5272E2312C1663360083F7FC /* Build configuration list for PBXProject "EpicRPS" */;
			compatibilityVersion = "Xcode 13.0";
			developmentRegion = en;
			hasScannedForEncodings = 0;
			knownRegions = (
				en,
				Base,
			);
			mainGroup = 5272E22D2C1663360083F7FC;
			productRefGroup = 5272E2372C1663360083F7FC /* Products */;
			projectDirPath = "";
			projectRoot = "";
			targets = (
				5272E2352C1663360083F7FC /* EpicRPS */,
			);
		};
/* End PBXProject section */

/* Begin PBXResourcesBuildPhase section */
		5272E2342C1663360083F7FC /* Resources */ = {
			isa = PBXResourcesBuildPhase;
			buildActionMask = 2147483647;
			files = (
				5272E2432C1663370083F7FC /* Assets.xcassets in Resources */,
				5272E2562C16750D0083F7FC /* Rubik-Bold.ttf in Resources */,
				5272E2552C16750D0083F7FC /* Rubik-Regular.ttf in Resources */,
				5272E25B2C16754B0083F7FC /* Poppins-Black.ttf in Resources */,
				5272E2582C16750D0083F7FC /* Rubik-Medium.ttf in Resources */,
				5272E2572C16750D0083F7FC /* Rubik-Black.ttf in Resources */,
				5272E2462C1663370083F7FC /* Base in Resources */,
				5272E25C2C16754B0083F7FC /* Poppins-Regular.ttf in Resources */,
			);
			runOnlyForDeploymentPostprocessing = 0;
		};
/* End PBXResourcesBuildPhase section */

/* Begin PBXSourcesBuildPhase section */
		5272E2322C1663360083F7FC /* Sources */ = {
			isa = PBXSourcesBuildPhase;
			buildActionMask = 2147483647;
			files = (
				5272E2752C16818C0083F7FC /* FightLoadViewController.swift in Sources */,
				5272E2712C1680B50083F7FC /* RulesViewController.swift in Sources */,
				5272E25E2C1676940083F7FC /* Font.swift in Sources */,
				DC8ACFF02C175B1700F4C46E /* PlayerStats.swift in Sources */,
				5272E23A2C1663360083F7FC /* AppDelegate.swift in Sources */,
				5272E2812C16823B0083F7FC /* FightResultsViewController.swift in Sources */,
				5272E23C2C1663360083F7FC /* SceneDelegate.swift in Sources */,
				5272E2732C1680E70083F7FC /* GameViewController.swift in Sources */,
				5272E26F2C167FC40083F7FC /* MainViewController.swift in Sources */,
			);
			runOnlyForDeploymentPostprocessing = 0;
		};
/* End PBXSourcesBuildPhase section */

/* Begin PBXVariantGroup section */
		5272E2442C1663370083F7FC /* LaunchScreen.storyboard */ = {
			isa = PBXVariantGroup;
			children = (
				5272E2452C1663370083F7FC /* Base */,
			);
			name = LaunchScreen.storyboard;
			sourceTree = "<group>";
		};
/* End PBXVariantGroup section */

/* Begin XCBuildConfiguration section */
		5272E2482C1663370083F7FC /* Debug */ = {
			isa = XCBuildConfiguration;
			buildSettings = {
				ALWAYS_SEARCH_USER_PATHS = NO;
				ASSETCATALOG_COMPILER_GENERATE_SWIFT_ASSET_SYMBOL_EXTENSIONS = YES;
				CLANG_ANALYZER_NONNULL = YES;
				CLANG_ANALYZER_NUMBER_OBJECT_CONVERSION = YES_AGGRESSIVE;
				CLANG_CXX_LANGUAGE_STANDARD = "gnu++20";
				CLANG_ENABLE_MODULES = YES;
				CLANG_ENABLE_OBJC_ARC = YES;
				CLANG_ENABLE_OBJC_WEAK = YES;
				CLANG_WARN_BLOCK_CAPTURE_AUTORELEASING = YES;
				CLANG_WARN_BOOL_CONVERSION = YES;
				CLANG_WARN_COMMA = YES;
				CLANG_WARN_CONSTANT_CONVERSION = YES;
				CLANG_WARN_DEPRECATED_OBJC_IMPLEMENTATIONS = YES;
				CLANG_WARN_DIRECT_OBJC_ISA_USAGE = YES_ERROR;
				CLANG_WARN_DOCUMENTATION_COMMENTS = YES;
				CLANG_WARN_EMPTY_BODY = YES;
				CLANG_WARN_ENUM_CONVERSION = YES;
				CLANG_WARN_INFINITE_RECURSION = YES;
				CLANG_WARN_INT_CONVERSION = YES;
				CLANG_WARN_NON_LITERAL_NULL_CONVERSION = YES;
				CLANG_WARN_OBJC_IMPLICIT_RETAIN_SELF = YES;
				CLANG_WARN_OBJC_LITERAL_CONVERSION = YES;
				CLANG_WARN_OBJC_ROOT_CLASS = YES_ERROR;
				CLANG_WARN_QUOTED_INCLUDE_IN_FRAMEWORK_HEADER = YES;
				CLANG_WARN_RANGE_LOOP_ANALYSIS = YES;
				CLANG_WARN_STRICT_PROTOTYPES = YES;
				CLANG_WARN_SUSPICIOUS_MOVE = YES;
				CLANG_WARN_UNGUARDED_AVAILABILITY = YES_AGGRESSIVE;
				CLANG_WARN_UNREACHABLE_CODE = YES;
				CLANG_WARN__DUPLICATE_METHOD_MATCH = YES;
				COPY_PHASE_STRIP = NO;
				DEBUG_INFORMATION_FORMAT = dwarf;
				ENABLE_STRICT_OBJC_MSGSEND = YES;
				ENABLE_TESTABILITY = YES;
				ENABLE_USER_SCRIPT_SANDBOXING = YES;
				GCC_C_LANGUAGE_STANDARD = gnu17;
				GCC_DYNAMIC_NO_PIC = NO;
				GCC_NO_COMMON_BLOCKS = YES;
				GCC_OPTIMIZATION_LEVEL = 0;
				GCC_PREPROCESSOR_DEFINITIONS = (
					"DEBUG=1",
					"$(inherited)",
				);
				GCC_WARN_64_TO_32_BIT_CONVERSION = YES;
				GCC_WARN_ABOUT_RETURN_TYPE = YES_ERROR;
				GCC_WARN_UNDECLARED_SELECTOR = YES;
				GCC_WARN_UNINITIALIZED_AUTOS = YES_AGGRESSIVE;
				GCC_WARN_UNUSED_FUNCTION = YES;
				GCC_WARN_UNUSED_VARIABLE = YES;
				IPHONEOS_DEPLOYMENT_TARGET = 17.4;
				LOCALIZATION_PREFERS_STRING_CATALOGS = YES;
				MTL_ENABLE_DEBUG_INFO = INCLUDE_SOURCE;
				MTL_FAST_MATH = YES;
				ONLY_ACTIVE_ARCH = YES;
				SDKROOT = iphoneos;
				SWIFT_ACTIVE_COMPILATION_CONDITIONS = "DEBUG $(inherited)";
				SWIFT_OPTIMIZATION_LEVEL = "-Onone";
			};
			name = Debug;
		};
		5272E2492C1663370083F7FC /* Release */ = {
			isa = XCBuildConfiguration;
			buildSettings = {
				ALWAYS_SEARCH_USER_PATHS = NO;
				ASSETCATALOG_COMPILER_GENERATE_SWIFT_ASSET_SYMBOL_EXTENSIONS = YES;
				CLANG_ANALYZER_NONNULL = YES;
				CLANG_ANALYZER_NUMBER_OBJECT_CONVERSION = YES_AGGRESSIVE;
				CLANG_CXX_LANGUAGE_STANDARD = "gnu++20";
				CLANG_ENABLE_MODULES = YES;
				CLANG_ENABLE_OBJC_ARC = YES;
				CLANG_ENABLE_OBJC_WEAK = YES;
				CLANG_WARN_BLOCK_CAPTURE_AUTORELEASING = YES;
				CLANG_WARN_BOOL_CONVERSION = YES;
				CLANG_WARN_COMMA = YES;
				CLANG_WARN_CONSTANT_CONVERSION = YES;
				CLANG_WARN_DEPRECATED_OBJC_IMPLEMENTATIONS = YES;
				CLANG_WARN_DIRECT_OBJC_ISA_USAGE = YES_ERROR;
				CLANG_WARN_DOCUMENTATION_COMMENTS = YES;
				CLANG_WARN_EMPTY_BODY = YES;
				CLANG_WARN_ENUM_CONVERSION = YES;
				CLANG_WARN_INFINITE_RECURSION = YES;
				CLANG_WARN_INT_CONVERSION = YES;
				CLANG_WARN_NON_LITERAL_NULL_CONVERSION = YES;
				CLANG_WARN_OBJC_IMPLICIT_RETAIN_SELF = YES;
				CLANG_WARN_OBJC_LITERAL_CONVERSION = YES;
				CLANG_WARN_OBJC_ROOT_CLASS = YES_ERROR;
				CLANG_WARN_QUOTED_INCLUDE_IN_FRAMEWORK_HEADER = YES;
				CLANG_WARN_RANGE_LOOP_ANALYSIS = YES;
				CLANG_WARN_STRICT_PROTOTYPES = YES;
				CLANG_WARN_SUSPICIOUS_MOVE = YES;
				CLANG_WARN_UNGUARDED_AVAILABILITY = YES_AGGRESSIVE;
				CLANG_WARN_UNREACHABLE_CODE = YES;
				CLANG_WARN__DUPLICATE_METHOD_MATCH = YES;
				COPY_PHASE_STRIP = NO;
				DEBUG_INFORMATION_FORMAT = "dwarf-with-dsym";
				ENABLE_NS_ASSERTIONS = NO;
				ENABLE_STRICT_OBJC_MSGSEND = YES;
				ENABLE_USER_SCRIPT_SANDBOXING = YES;
				GCC_C_LANGUAGE_STANDARD = gnu17;
				GCC_NO_COMMON_BLOCKS = YES;
				GCC_WARN_64_TO_32_BIT_CONVERSION = YES;
				GCC_WARN_ABOUT_RETURN_TYPE = YES_ERROR;
				GCC_WARN_UNDECLARED_SELECTOR = YES;
				GCC_WARN_UNINITIALIZED_AUTOS = YES_AGGRESSIVE;
				GCC_WARN_UNUSED_FUNCTION = YES;
				GCC_WARN_UNUSED_VARIABLE = YES;
				IPHONEOS_DEPLOYMENT_TARGET = 17.4;
				LOCALIZATION_PREFERS_STRING_CATALOGS = YES;
				MTL_ENABLE_DEBUG_INFO = NO;
				MTL_FAST_MATH = YES;
				SDKROOT = iphoneos;
				SWIFT_COMPILATION_MODE = wholemodule;
				VALIDATE_PRODUCT = YES;
			};
			name = Release;
		};
		5272E24B2C1663370083F7FC /* Debug */ = {
			isa = XCBuildConfiguration;
			buildSettings = {
				ASSETCATALOG_COMPILER_APPICON_NAME = AppIcon;
				ASSETCATALOG_COMPILER_GLOBAL_ACCENT_COLOR_NAME = AccentColor;
				CODE_SIGN_STYLE = Automatic;
				CURRENT_PROJECT_VERSION = 1;
				DEVELOPMENT_TEAM = 6P3D789X98;
				GENERATE_INFOPLIST_FILE = YES;
				INFOPLIST_FILE = EpicRPS/SupportingFiles/Info.plist;
				INFOPLIST_KEY_UIApplicationSupportsIndirectInputEvents = YES;
				INFOPLIST_KEY_UILaunchStoryboardName = LaunchScreen;
				INFOPLIST_KEY_UISupportedInterfaceOrientations = UIInterfaceOrientationPortrait;
				INFOPLIST_KEY_UISupportedInterfaceOrientations_iPad = "UIInterfaceOrientationLandscapeLeft UIInterfaceOrientationLandscapeRight UIInterfaceOrientationPortrait UIInterfaceOrientationPortraitUpsideDown";
				IPHONEOS_DEPLOYMENT_TARGET = 15.0;
				LD_RUNPATH_SEARCH_PATHS = (
					"$(inherited)",
					"@executable_path/Frameworks",
				);
				MARKETING_VERSION = 1.0;
				PRODUCT_BUNDLE_IDENTIFIER = emazrukho.EpicRPS;
				PRODUCT_NAME = "$(TARGET_NAME)";
				SUPPORTED_PLATFORMS = "iphoneos iphonesimulator";
				SUPPORTS_MACCATALYST = NO;
				SUPPORTS_MAC_DESIGNED_FOR_IPHONE_IPAD = NO;
				SUPPORTS_XR_DESIGNED_FOR_IPHONE_IPAD = NO;
				SWIFT_EMIT_LOC_STRINGS = YES;
				SWIFT_VERSION = 5.0;
				TARGETED_DEVICE_FAMILY = 1;
			};
			name = Debug;
		};
		5272E24C2C1663370083F7FC /* Release */ = {
			isa = XCBuildConfiguration;
			buildSettings = {
				ASSETCATALOG_COMPILER_APPICON_NAME = AppIcon;
				ASSETCATALOG_COMPILER_GLOBAL_ACCENT_COLOR_NAME = AccentColor;
				CODE_SIGN_STYLE = Automatic;
				CURRENT_PROJECT_VERSION = 1;
				DEVELOPMENT_TEAM = 6P3D789X98;
				GENERATE_INFOPLIST_FILE = YES;
				INFOPLIST_FILE = EpicRPS/SupportingFiles/Info.plist;
				INFOPLIST_KEY_UIApplicationSupportsIndirectInputEvents = YES;
				INFOPLIST_KEY_UILaunchStoryboardName = LaunchScreen;
				INFOPLIST_KEY_UISupportedInterfaceOrientations = UIInterfaceOrientationPortrait;
				INFOPLIST_KEY_UISupportedInterfaceOrientations_iPad = "UIInterfaceOrientationLandscapeLeft UIInterfaceOrientationLandscapeRight UIInterfaceOrientationPortrait UIInterfaceOrientationPortraitUpsideDown";
				IPHONEOS_DEPLOYMENT_TARGET = 15.0;
				LD_RUNPATH_SEARCH_PATHS = (
					"$(inherited)",
					"@executable_path/Frameworks",
				);
				MARKETING_VERSION = 1.0;
				PRODUCT_BUNDLE_IDENTIFIER = emazrukho.EpicRPS;
				PRODUCT_NAME = "$(TARGET_NAME)";
				SUPPORTED_PLATFORMS = "iphoneos iphonesimulator";
				SUPPORTS_MACCATALYST = NO;
				SUPPORTS_MAC_DESIGNED_FOR_IPHONE_IPAD = NO;
				SUPPORTS_XR_DESIGNED_FOR_IPHONE_IPAD = NO;
				SWIFT_EMIT_LOC_STRINGS = YES;
				SWIFT_VERSION = 5.0;
				TARGETED_DEVICE_FAMILY = 1;
			};
			name = Release;
		};
/* End XCBuildConfiguration section */

/* Begin XCConfigurationList section */
		5272E2312C1663360083F7FC /* Build configuration list for PBXProject "EpicRPS" */ = {
			isa = XCConfigurationList;
			buildConfigurations = (
				5272E2482C1663370083F7FC /* Debug */,
				5272E2492C1663370083F7FC /* Release */,
			);
			defaultConfigurationIsVisible = 0;
			defaultConfigurationName = Release;
		};
		5272E24A2C1663370083F7FC /* Build configuration list for PBXNativeTarget "EpicRPS" */ = {
			isa = XCConfigurationList;
			buildConfigurations = (
				5272E24B2C1663370083F7FC /* Debug */,
				5272E24C2C1663370083F7FC /* Release */,
			);
			defaultConfigurationIsVisible = 0;
			defaultConfigurationName = Release;
		};
/* End XCConfigurationList section */
	};
	rootObject = 5272E22E2C1663360083F7FC /* Project object */;
}
