// !$*UTF8*$!
{
	archiveVersion = 1;
	classes = {
	};
	objectVersion = 55;
	objects = {

/* Begin PBXBuildFile section */
		526DF76B2C1B4115008A7818 /* UIView + ext.swift in Sources */ = {isa = PBXBuildFile; fileRef = 526DF76A2C1B4115008A7818 /* UIView + ext.swift */; };
		526DF76F2C1B71F4008A7818 /* RPSSign.swift in Sources */ = {isa = PBXBuildFile; fileRef = 526DF76E2C1B71F4008A7818 /* RPSSign.swift */; };
		526DF7712C1B7291008A7818 /* GameState.swift in Sources */ = {isa = PBXBuildFile; fileRef = 526DF7702C1B7291008A7818 /* GameState.swift */; };
		526DF7752C1DB111008A7818 /* Player.swift in Sources */ = {isa = PBXBuildFile; fileRef = 526DF7742C1DB111008A7818 /* Player.swift */; };
		526DF7862C1F9239008A7818 /* StorageManager.swift in Sources */ = {isa = PBXBuildFile; fileRef = 526DF7852C1F9239008A7818 /* StorageManager.swift */; };
		526DF7892C1F9604008A7818 /* RPSSignButton.swift in Sources */ = {isa = PBXBuildFile; fileRef = 526DF7882C1F9604008A7818 /* RPSSignButton.swift */; };
		526DF78E2C1F9BF3008A7818 /* UIProgressView + ext.swift in Sources */ = {isa = PBXBuildFile; fileRef = 526DF78D2C1F9BF3008A7818 /* UIProgressView + ext.swift */; };
		526DF7902C1F9F91008A7818 /* UIImageView + ext.swift in Sources */ = {isa = PBXBuildFile; fileRef = 526DF78F2C1F9F91008A7818 /* UIImageView + ext.swift */; };
		526DF7922C1FA469008A7818 /* UILabel + ext.swift in Sources */ = {isa = PBXBuildFile; fileRef = 526DF7912C1FA469008A7818 /* UILabel + ext.swift */; };
		526DF7942C1FA7FF008A7818 /* UIStackView + ext.swift in Sources */ = {isa = PBXBuildFile; fileRef = 526DF7932C1FA7FF008A7818 /* UIStackView + ext.swift */; };
		526DF7972C1FA90A008A7818 /* RPSImageView.swift in Sources */ = {isa = PBXBuildFile; fileRef = 526DF7952C1FA90A008A7818 /* RPSImageView.swift */; };
		526DF7A12C261081008A7818 /* FightResultsController.swift in Sources */ = {isa = PBXBuildFile; fileRef = 526DF7A02C261081008A7818 /* FightResultsController.swift */; };
		526DF7A52C26149D008A7818 /* UIButton + ext.swift in Sources */ = {isa = PBXBuildFile; fileRef = 526DF7A42C26149D008A7818 /* UIButton + ext.swift */; };
		526DF7A72C2BEA30008A7818 /* RPSTimeButton.swift in Sources */ = {isa = PBXBuildFile; fileRef = 526DF7A62C2BEA30008A7818 /* RPSTimeButton.swift */; };
		526DF7AB2C2BEB7B008A7818 /* SettingsViewController.swift in Sources */ = {isa = PBXBuildFile; fileRef = 526DF7AA2C2BEB7B008A7818 /* SettingsViewController.swift */; };
		526DF7AD2C2BEEEA008A7818 /* RPSTimeView.swift in Sources */ = {isa = PBXBuildFile; fileRef = 526DF7AC2C2BEEEA008A7818 /* RPSTimeView.swift */; };
		526DF7AF2C2BF213008A7818 /* RPSSettingsView.swift in Sources */ = {isa = PBXBuildFile; fileRef = 526DF7AE2C2BF213008A7818 /* RPSSettingsView.swift */; };
		526DF7B92C2C1D4C008A7818 /* StatisticsViewController.swift in Sources */ = {isa = PBXBuildFile; fileRef = 526DF7B82C2C1D4C008A7818 /* StatisticsViewController.swift */; };
		526DF7BB2C2C20D8008A7818 /* RPSTableView.swift in Sources */ = {isa = PBXBuildFile; fileRef = 526DF7BA2C2C20D8008A7818 /* RPSTableView.swift */; };
		526DF7BE2C2C2177008A7818 /* RPSTableViewCell.swift in Sources */ = {isa = PBXBuildFile; fileRef = 526DF7BD2C2C2177008A7818 /* RPSTableViewCell.swift */; };
		526DF7C02C3029C7008A7818 /* RPSUserView.swift in Sources */ = {isa = PBXBuildFile; fileRef = 526DF7BF2C3029C7008A7818 /* RPSUserView.swift */; };
		526DF7C22C302BA5008A7818 /* RPSTopTitlesView.swift in Sources */ = {isa = PBXBuildFile; fileRef = 526DF7C12C302BA5008A7818 /* RPSTopTitlesView.swift */; };
		526DF7C82C303B25008A7818 /* RPSUserAvatarAlert.swift in Sources */ = {isa = PBXBuildFile; fileRef = 526DF7C72C303B25008A7818 /* RPSUserAvatarAlert.swift */; };
		526DF7CA2C303B2E008A7818 /* RPSUserNameTextFieldAlert.swift in Sources */ = {isa = PBXBuildFile; fileRef = 526DF7C92C303B2E008A7818 /* RPSUserNameTextFieldAlert.swift */; };
		5272E23A2C1663360083F7FC /* AppDelegate.swift in Sources */ = {isa = PBXBuildFile; fileRef = 5272E2392C1663360083F7FC /* AppDelegate.swift */; };
		5272E23C2C1663360083F7FC /* SceneDelegate.swift in Sources */ = {isa = PBXBuildFile; fileRef = 5272E23B2C1663360083F7FC /* SceneDelegate.swift */; };
		5272E2432C1663370083F7FC /* Assets.xcassets in Resources */ = {isa = PBXBuildFile; fileRef = 5272E2422C1663370083F7FC /* Assets.xcassets */; };
		5272E2462C1663370083F7FC /* Base in Resources */ = {isa = PBXBuildFile; fileRef = 5272E2452C1663370083F7FC /* Base */; };
		5272E2552C16750D0083F7FC /* Rubik-Regular.ttf in Resources */ = {isa = PBXBuildFile; fileRef = 5272E2512C16750D0083F7FC /* Rubik-Regular.ttf */; };
		5272E2562C16750D0083F7FC /* Rubik-Bold.ttf in Resources */ = {isa = PBXBuildFile; fileRef = 5272E2522C16750D0083F7FC /* Rubik-Bold.ttf */; };
		5272E2572C16750D0083F7FC /* Rubik-Black.ttf in Resources */ = {isa = PBXBuildFile; fileRef = 5272E2532C16750D0083F7FC /* Rubik-Black.ttf */; };
		5272E2582C16750D0083F7FC /* Rubik-Medium.ttf in Resources */ = {isa = PBXBuildFile; fileRef = 5272E2542C16750D0083F7FC /* Rubik-Medium.ttf */; };
		5272E25B2C16754B0083F7FC /* Poppins-Black.ttf in Resources */ = {isa = PBXBuildFile; fileRef = 5272E2592C16754B0083F7FC /* Poppins-Black.ttf */; };
		5272E25C2C16754B0083F7FC /* Poppins-Regular.ttf in Resources */ = {isa = PBXBuildFile; fileRef = 5272E25A2C16754B0083F7FC /* Poppins-Regular.ttf */; };
		5272E25E2C1676940083F7FC /* Font.swift in Sources */ = {isa = PBXBuildFile; fileRef = 5272E25D2C1676940083F7FC /* Font.swift */; };
		5272E26F2C167FC40083F7FC /* MainViewController.swift in Sources */ = {isa = PBXBuildFile; fileRef = 5272E26E2C167FC40083F7FC /* MainViewController.swift */; };
		5272E2712C1680B50083F7FC /* RulesViewController.swift in Sources */ = {isa = PBXBuildFile; fileRef = 5272E2702C1680B50083F7FC /* RulesViewController.swift */; };
		5272E2732C1680E70083F7FC /* GameViewController.swift in Sources */ = {isa = PBXBuildFile; fileRef = 5272E2722C1680E70083F7FC /* GameViewController.swift */; };
		5272E2752C16818C0083F7FC /* FightLoadView.swift in Sources */ = {isa = PBXBuildFile; fileRef = 5272E2742C16818C0083F7FC /* FightLoadView.swift */; };
		5272E2AF2C1A6AA50083F7FC /* RPSPlayerInfoView.swift in Sources */ = {isa = PBXBuildFile; fileRef = 5272E2AA2C1A6AA50083F7FC /* RPSPlayerInfoView.swift */; };
		5272E2B22C1A6ADC0083F7FC /* UIViewController + ext.swift in Sources */ = {isa = PBXBuildFile; fileRef = 5272E2B02C1A6ADC0083F7FC /* UIViewController + ext.swift */; };
/* End PBXBuildFile section */

/* Begin PBXFileReference section */
		526DF76A2C1B4115008A7818 /* UIView + ext.swift */ = {isa = PBXFileReference; lastKnownFileType = sourcecode.swift; path = "UIView + ext.swift"; sourceTree = "<group>"; };
		526DF76E2C1B71F4008A7818 /* RPSSign.swift */ = {isa = PBXFileReference; lastKnownFileType = sourcecode.swift; name = RPSSign.swift; path = EpicRPS/Model/RPSSign.swift; sourceTree = SOURCE_ROOT; };
		526DF7702C1B7291008A7818 /* GameState.swift */ = {isa = PBXFileReference; lastKnownFileType = sourcecode.swift; name = GameState.swift; path = EpicRPS/Model/GameState.swift; sourceTree = SOURCE_ROOT; };
		526DF7742C1DB111008A7818 /* Player.swift */ = {isa = PBXFileReference; lastKnownFileType = sourcecode.swift; name = Player.swift; path = EpicRPS/Model/Player.swift; sourceTree = SOURCE_ROOT; };
		526DF7852C1F9239008A7818 /* StorageManager.swift */ = {isa = PBXFileReference; lastKnownFileType = sourcecode.swift; path = StorageManager.swift; sourceTree = "<group>"; };
		526DF7882C1F9604008A7818 /* RPSSignButton.swift */ = {isa = PBXFileReference; lastKnownFileType = sourcecode.swift; path = RPSSignButton.swift; sourceTree = "<group>"; };
		526DF78D2C1F9BF3008A7818 /* UIProgressView + ext.swift */ = {isa = PBXFileReference; lastKnownFileType = sourcecode.swift; path = "UIProgressView + ext.swift"; sourceTree = "<group>"; };
		526DF78F2C1F9F91008A7818 /* UIImageView + ext.swift */ = {isa = PBXFileReference; lastKnownFileType = sourcecode.swift; path = "UIImageView + ext.swift"; sourceTree = "<group>"; };
		526DF7912C1FA469008A7818 /* UILabel + ext.swift */ = {isa = PBXFileReference; lastKnownFileType = sourcecode.swift; path = "UILabel + ext.swift"; sourceTree = "<group>"; };
		526DF7932C1FA7FF008A7818 /* UIStackView + ext.swift */ = {isa = PBXFileReference; lastKnownFileType = sourcecode.swift; path = "UIStackView + ext.swift"; sourceTree = "<group>"; };
		526DF7952C1FA90A008A7818 /* RPSImageView.swift */ = {isa = PBXFileReference; fileEncoding = 4; lastKnownFileType = sourcecode.swift; path = RPSImageView.swift; sourceTree = "<group>"; };
		526DF7A02C261081008A7818 /* FightResultsController.swift */ = {isa = PBXFileReference; lastKnownFileType = sourcecode.swift; path = FightResultsController.swift; sourceTree = "<group>"; };
		526DF7A42C26149D008A7818 /* UIButton + ext.swift */ = {isa = PBXFileReference; lastKnownFileType = sourcecode.swift; path = "UIButton + ext.swift"; sourceTree = "<group>"; };
		526DF7A62C2BEA30008A7818 /* RPSTimeButton.swift */ = {isa = PBXFileReference; lastKnownFileType = sourcecode.swift; path = RPSTimeButton.swift; sourceTree = "<group>"; };
		526DF7AA2C2BEB7B008A7818 /* SettingsViewController.swift */ = {isa = PBXFileReference; lastKnownFileType = sourcecode.swift; path = SettingsViewController.swift; sourceTree = "<group>"; };
		526DF7AC2C2BEEEA008A7818 /* RPSTimeView.swift */ = {isa = PBXFileReference; lastKnownFileType = sourcecode.swift; path = RPSTimeView.swift; sourceTree = "<group>"; };
		526DF7AE2C2BF213008A7818 /* RPSSettingsView.swift */ = {isa = PBXFileReference; lastKnownFileType = sourcecode.swift; path = RPSSettingsView.swift; sourceTree = "<group>"; };
		526DF7B82C2C1D4C008A7818 /* StatisticsViewController.swift */ = {isa = PBXFileReference; lastKnownFileType = sourcecode.swift; path = StatisticsViewController.swift; sourceTree = "<group>"; };
		526DF7BA2C2C20D8008A7818 /* RPSTableView.swift */ = {isa = PBXFileReference; lastKnownFileType = sourcecode.swift; path = RPSTableView.swift; sourceTree = "<group>"; };
		526DF7BD2C2C2177008A7818 /* RPSTableViewCell.swift */ = {isa = PBXFileReference; lastKnownFileType = sourcecode.swift; path = RPSTableViewCell.swift; sourceTree = "<group>"; };
		526DF7BF2C3029C7008A7818 /* RPSUserView.swift */ = {isa = PBXFileReference; lastKnownFileType = sourcecode.swift; path = RPSUserView.swift; sourceTree = "<group>"; };
		526DF7C12C302BA5008A7818 /* RPSTopTitlesView.swift */ = {isa = PBXFileReference; lastKnownFileType = sourcecode.swift; path = RPSTopTitlesView.swift; sourceTree = "<group>"; };
		526DF7C72C303B25008A7818 /* RPSUserAvatarAlert.swift */ = {isa = PBXFileReference; lastKnownFileType = sourcecode.swift; path = RPSUserAvatarAlert.swift; sourceTree = "<group>"; };
		526DF7C92C303B2E008A7818 /* RPSUserNameTextFieldAlert.swift */ = {isa = PBXFileReference; lastKnownFileType = sourcecode.swift; path = RPSUserNameTextFieldAlert.swift; sourceTree = "<group>"; };
		5272E2362C1663360083F7FC /* EpicRPS.app */ = {isa = PBXFileReference; explicitFileType = wrapper.application; includeInIndex = 0; path = EpicRPS.app; sourceTree = BUILT_PRODUCTS_DIR; };
		5272E2392C1663360083F7FC /* AppDelegate.swift */ = {isa = PBXFileReference; lastKnownFileType = sourcecode.swift; path = AppDelegate.swift; sourceTree = "<group>"; };
		5272E23B2C1663360083F7FC /* SceneDelegate.swift */ = {isa = PBXFileReference; lastKnownFileType = sourcecode.swift; path = SceneDelegate.swift; sourceTree = "<group>"; };
		5272E2422C1663370083F7FC /* Assets.xcassets */ = {isa = PBXFileReference; lastKnownFileType = folder.assetcatalog; path = Assets.xcassets; sourceTree = "<group>"; };
		5272E2452C1663370083F7FC /* Base */ = {isa = PBXFileReference; lastKnownFileType = file.storyboard; name = Base; path = Base.lproj/LaunchScreen.storyboard; sourceTree = "<group>"; };
		5272E2472C1663370083F7FC /* Info.plist */ = {isa = PBXFileReference; lastKnownFileType = text.plist.xml; path = Info.plist; sourceTree = "<group>"; };
		5272E2512C16750D0083F7FC /* Rubik-Regular.ttf */ = {isa = PBXFileReference; lastKnownFileType = file; path = "Rubik-Regular.ttf"; sourceTree = "<group>"; };
		5272E2522C16750D0083F7FC /* Rubik-Bold.ttf */ = {isa = PBXFileReference; lastKnownFileType = file; path = "Rubik-Bold.ttf"; sourceTree = "<group>"; };
		5272E2532C16750D0083F7FC /* Rubik-Black.ttf */ = {isa = PBXFileReference; lastKnownFileType = file; path = "Rubik-Black.ttf"; sourceTree = "<group>"; };
		5272E2542C16750D0083F7FC /* Rubik-Medium.ttf */ = {isa = PBXFileReference; lastKnownFileType = file; path = "Rubik-Medium.ttf"; sourceTree = "<group>"; };
		5272E2592C16754B0083F7FC /* Poppins-Black.ttf */ = {isa = PBXFileReference; lastKnownFileType = file; path = "Poppins-Black.ttf"; sourceTree = "<group>"; };
		5272E25A2C16754B0083F7FC /* Poppins-Regular.ttf */ = {isa = PBXFileReference; lastKnownFileType = file; path = "Poppins-Regular.ttf"; sourceTree = "<group>"; };
		5272E25D2C1676940083F7FC /* Font.swift */ = {isa = PBXFileReference; lastKnownFileType = sourcecode.swift; path = Font.swift; sourceTree = "<group>"; };
		5272E26E2C167FC40083F7FC /* MainViewController.swift */ = {isa = PBXFileReference; lastKnownFileType = sourcecode.swift; path = MainViewController.swift; sourceTree = "<group>"; };
		5272E2702C1680B50083F7FC /* RulesViewController.swift */ = {isa = PBXFileReference; lastKnownFileType = sourcecode.swift; path = RulesViewController.swift; sourceTree = "<group>"; };
		5272E2722C1680E70083F7FC /* GameViewController.swift */ = {isa = PBXFileReference; lastKnownFileType = sourcecode.swift; path = GameViewController.swift; sourceTree = "<group>"; };
		5272E2742C16818C0083F7FC /* FightLoadView.swift */ = {isa = PBXFileReference; lastKnownFileType = sourcecode.swift; path = FightLoadView.swift; sourceTree = "<group>"; };
		5272E2AA2C1A6AA50083F7FC /* RPSPlayerInfoView.swift */ = {isa = PBXFileReference; fileEncoding = 4; lastKnownFileType = sourcecode.swift; path = RPSPlayerInfoView.swift; sourceTree = "<group>"; };
		5272E2B02C1A6ADC0083F7FC /* UIViewController + ext.swift */ = {isa = PBXFileReference; fileEncoding = 4; lastKnownFileType = sourcecode.swift; path = "UIViewController + ext.swift"; sourceTree = "<group>"; };
/* End PBXFileReference section */

/* Begin PBXFrameworksBuildPhase section */
		5272E2332C1663360083F7FC /* Frameworks */ = {
			isa = PBXFrameworksBuildPhase;
			buildActionMask = 2147483647;
			files = (
			);
			runOnlyForDeploymentPostprocessing = 0;
		};
/* End PBXFrameworksBuildPhase section */

/* Begin PBXGroup section */
		526DF7832C1F9226008A7818 /* Service */ = {
			isa = PBXGroup;
			children = (
				526DF7B32C2C1B8F008A7818 /* TimerManager */,
				526DF7B12C2C1B5D008A7818 /* GameManager */,
				526DF7842C1F922C008A7818 /* StorageManager */,
			);
			path = Service;
			sourceTree = "<group>";
		};
		526DF7842C1F922C008A7818 /* StorageManager */ = {
			isa = PBXGroup;
			children = (
				526DF7852C1F9239008A7818 /* StorageManager.swift */,
			);
			path = StorageManager;
			sourceTree = "<group>";
		};
		526DF7962C1FA90A008A7818 /* ImageView */ = {
			isa = PBXGroup;
			children = (
				526DF7952C1FA90A008A7818 /* RPSImageView.swift */,
			);
			path = ImageView;
			sourceTree = "<group>";
		};
		526DF7A82C2BEB60008A7818 /* View */ = {
			isa = PBXGroup;
			children = (
				526DF7A62C2BEA30008A7818 /* RPSTimeButton.swift */,
				526DF7AC2C2BEEEA008A7818 /* RPSTimeView.swift */,
				526DF7AE2C2BF213008A7818 /* RPSSettingsView.swift */,
			);
			path = View;
			sourceTree = "<group>";
		};
		526DF7A92C2BEB69008A7818 /* Controller */ = {
			isa = PBXGroup;
			children = (
				526DF7AA2C2BEB7B008A7818 /* SettingsViewController.swift */,
			);
			path = Controller;
			sourceTree = "<group>";
		};
		526DF7B02C2C1B44008A7818 /* Model */ = {
			isa = PBXGroup;
			children = (
				526DF76E2C1B71F4008A7818 /* RPSSign.swift */,
				526DF7702C1B7291008A7818 /* GameState.swift */,
				526DF7742C1DB111008A7818 /* Player.swift */,
			);
			path = Model;
			sourceTree = "<group>";
		};
		526DF7B12C2C1B5D008A7818 /* GameManager */ = {
			isa = PBXGroup;
			children = (
			);
			path = GameManager;
			sourceTree = "<group>";
		};
		526DF7B32C2C1B8F008A7818 /* TimerManager */ = {
			isa = PBXGroup;
			children = (
			);
			path = TimerManager;
			sourceTree = "<group>";
		};
		526DF7B42C2C1BE4008A7818 /* Modules */ = {
			isa = PBXGroup;
			children = (
				5272E25F2C167E3F0083F7FC /* Main */,
				5272E2612C167E4E0083F7FC /* Game */,
				5272E2622C167E660083F7FC /* FightResults */,
				5272E2762C1681BF0083F7FC /* Statistics */,
				5272E2632C167E6D0083F7FC /* Settings */,
				5272E2602C167E440083F7FC /* Rules */,
			);
			path = Modules;
			sourceTree = "<group>";
		};
		526DF7B52C2C1C4F008A7818 /* Helpers */ = {
			isa = PBXGroup;
			children = (
				5272E2B12C1A6ADC0083F7FC /* Extensions */,
				5272E2AC2C1A6AA50083F7FC /* CustomViews */,
				5272E2502C16736A0083F7FC /* Fonts */,
			);
			path = Helpers;
			sourceTree = "<group>";
		};
		526DF7B62C2C1D30008A7818 /* View */ = {
			isa = PBXGroup;
			children = (
				526DF7C62C303B0B008A7818 /* Alerts */,
				526DF7BC2C2C2169008A7818 /* Cell */,
				526DF7BF2C3029C7008A7818 /* RPSUserView.swift */,
				526DF7C12C302BA5008A7818 /* RPSTopTitlesView.swift */,
				526DF7BA2C2C20D8008A7818 /* RPSTableView.swift */,
			);
			path = View;
			sourceTree = "<group>";
		};
		526DF7B72C2C1D3B008A7818 /* Controller */ = {
			isa = PBXGroup;
			children = (
				526DF7B82C2C1D4C008A7818 /* StatisticsViewController.swift */,
			);
			path = Controller;
			sourceTree = "<group>";
		};
		526DF7BC2C2C2169008A7818 /* Cell */ = {
			isa = PBXGroup;
			children = (
				526DF7BD2C2C2177008A7818 /* RPSTableViewCell.swift */,
			);
			path = Cell;
			sourceTree = "<group>";
		};
		526DF7C62C303B0B008A7818 /* Alerts */ = {
			isa = PBXGroup;
			children = (
				526DF7C72C303B25008A7818 /* RPSUserAvatarAlert.swift */,
				526DF7C92C303B2E008A7818 /* RPSUserNameTextFieldAlert.swift */,
			);
			path = Alerts;
			sourceTree = "<group>";
		};
		5272E22D2C1663360083F7FC = {
			isa = PBXGroup;
			children = (
				5272E2382C1663360083F7FC /* EpicRPS */,
				5272E2372C1663360083F7FC /* Products */,
			);
			sourceTree = "<group>";
		};
		5272E2372C1663360083F7FC /* Products */ = {
			isa = PBXGroup;
			children = (
				5272E2362C1663360083F7FC /* EpicRPS.app */,
			);
			name = Products;
			sourceTree = "<group>";
		};
		5272E2382C1663360083F7FC /* EpicRPS */ = {
			isa = PBXGroup;
			children = (
				5272E24E2C16647B0083F7FC /* Application */,
				526DF7832C1F9226008A7818 /* Service */,
				526DF7B02C2C1B44008A7818 /* Model */,
				526DF7B42C2C1BE4008A7818 /* Modules */,
				526DF7B52C2C1C4F008A7818 /* Helpers */,
				5272E24F2C1664870083F7FC /* SupportingFiles */,
			);
			path = EpicRPS;
			sourceTree = "<group>";
		};
		5272E24E2C16647B0083F7FC /* Application */ = {
			isa = PBXGroup;
			children = (
				5272E2392C1663360083F7FC /* AppDelegate.swift */,
				5272E23B2C1663360083F7FC /* SceneDelegate.swift */,
			);
			path = Application;
			sourceTree = "<group>";
		};
		5272E24F2C1664870083F7FC /* SupportingFiles */ = {
			isa = PBXGroup;
			children = (
				5272E2422C1663370083F7FC /* Assets.xcassets */,
				5272E2442C1663370083F7FC /* LaunchScreen.storyboard */,
				5272E2472C1663370083F7FC /* Info.plist */,
			);
			path = SupportingFiles;
			sourceTree = "<group>";
		};
		5272E2502C16736A0083F7FC /* Fonts */ = {
			isa = PBXGroup;
			children = (
				5272E25D2C1676940083F7FC /* Font.swift */,
				5272E2592C16754B0083F7FC /* Poppins-Black.ttf */,
				5272E25A2C16754B0083F7FC /* Poppins-Regular.ttf */,
				5272E2532C16750D0083F7FC /* Rubik-Black.ttf */,
				5272E2522C16750D0083F7FC /* Rubik-Bold.ttf */,
				5272E2542C16750D0083F7FC /* Rubik-Medium.ttf */,
				5272E2512C16750D0083F7FC /* Rubik-Regular.ttf */,
			);
			path = Fonts;
			sourceTree = "<group>";
		};
		5272E25F2C167E3F0083F7FC /* Main */ = {
			isa = PBXGroup;
			children = (
				5272E2652C167F0D0083F7FC /* Controller */,
			);
			path = Main;
			sourceTree = "<group>";
		};
		5272E2602C167E440083F7FC /* Rules */ = {
			isa = PBXGroup;
			children = (
				5272E26A2C167F260083F7FC /* Controller */,
			);
			path = Rules;
			sourceTree = "<group>";
		};
		5272E2612C167E4E0083F7FC /* Game */ = {
			isa = PBXGroup;
			children = (
				5272E2672C167F190083F7FC /* View */,
				5272E2682C167F1C0083F7FC /* Controller */,
			);
			path = Game;
			sourceTree = "<group>";
		};
		5272E2622C167E660083F7FC /* FightResults */ = {
			isa = PBXGroup;
			children = (
				5272E27D2C1682160083F7FC /* Controller */,
			);
			path = FightResults;
			sourceTree = "<group>";
		};
		5272E2632C167E6D0083F7FC /* Settings */ = {
			isa = PBXGroup;
			children = (
				526DF7A82C2BEB60008A7818 /* View */,
				526DF7A92C2BEB69008A7818 /* Controller */,
			);
			path = Settings;
			sourceTree = "<group>";
		};
		5272E2652C167F0D0083F7FC /* Controller */ = {
			isa = PBXGroup;
			children = (
				5272E26E2C167FC40083F7FC /* MainViewController.swift */,
			);
			path = Controller;
			sourceTree = "<group>";
		};
		5272E2672C167F190083F7FC /* View */ = {
			isa = PBXGroup;
			children = (
				5272E2742C16818C0083F7FC /* FightLoadView.swift */,
				526DF7882C1F9604008A7818 /* RPSSignButton.swift */,
				5272E2AA2C1A6AA50083F7FC /* RPSPlayerInfoView.swift */,
			);
			path = View;
			sourceTree = "<group>";
		};
		5272E2682C167F1C0083F7FC /* Controller */ = {
			isa = PBXGroup;
			children = (
				5272E2722C1680E70083F7FC /* GameViewController.swift */,
			);
			path = Controller;
			sourceTree = "<group>";
		};
		5272E26A2C167F260083F7FC /* Controller */ = {
			isa = PBXGroup;
			children = (
				5272E2702C1680B50083F7FC /* RulesViewController.swift */,
			);
			path = Controller;
			sourceTree = "<group>";
		};
		5272E2762C1681BF0083F7FC /* Statistics */ = {
			isa = PBXGroup;
			children = (
				526DF7B62C2C1D30008A7818 /* View */,
				526DF7B72C2C1D3B008A7818 /* Controller */,
			);
			path = Statistics;
			sourceTree = "<group>";
		};
		5272E27D2C1682160083F7FC /* Controller */ = {
			isa = PBXGroup;
			children = (
				526DF7A02C261081008A7818 /* FightResultsController.swift */,
			);
			path = Controller;
			sourceTree = "<group>";
		};
		5272E2AC2C1A6AA50083F7FC /* CustomViews */ = {
			isa = PBXGroup;
			children = (
				526DF7962C1FA90A008A7818 /* ImageView */,
			);
			path = CustomViews;
			sourceTree = "<group>";
		};
		5272E2B12C1A6ADC0083F7FC /* Extensions */ = {
			isa = PBXGroup;
			children = (
				5272E2B02C1A6ADC0083F7FC /* UIViewController + ext.swift */,
				526DF76A2C1B4115008A7818 /* UIView + ext.swift */,
				526DF78D2C1F9BF3008A7818 /* UIProgressView + ext.swift */,
				526DF78F2C1F9F91008A7818 /* UIImageView + ext.swift */,
				526DF7912C1FA469008A7818 /* UILabel + ext.swift */,
				526DF7932C1FA7FF008A7818 /* UIStackView + ext.swift */,
				526DF7A42C26149D008A7818 /* UIButton + ext.swift */,
			);
			path = Extensions;
			sourceTree = "<group>";
		};
/* End PBXGroup section */

/* Begin PBXNativeTarget section */
		5272E2352C1663360083F7FC /* EpicRPS */ = {
			isa = PBXNativeTarget;
			buildConfigurationList = 5272E24A2C1663370083F7FC /* Build configuration list for PBXNativeTarget "EpicRPS" */;
			buildPhases = (
				5272E2322C1663360083F7FC /* Sources */,
				5272E2332C1663360083F7FC /* Frameworks */,
				5272E2342C1663360083F7FC /* Resources */,
			);
			buildRules = (
			);
			dependencies = (
			);
			name = EpicRPS;
			productName = EpicRPS;
			productReference = 5272E2362C1663360083F7FC /* EpicRPS.app */;
			productType = "com.apple.product-type.application";
		};
/* End PBXNativeTarget section */

/* Begin PBXProject section */
		5272E22E2C1663360083F7FC /* Project object */ = {
			isa = PBXProject;
			attributes = {
				BuildIndependentTargetsInParallel = 1;
				LastSwiftUpdateCheck = 1530;
				LastUpgradeCheck = 1530;
				TargetAttributes = {
					5272E2352C1663360083F7FC = {
						CreatedOnToolsVersion = 15.3;
					};
				};
			};
			buildConfigurationList = 5272E2312C1663360083F7FC /* Build configuration list for PBXProject "EpicRPS" */;
			compatibilityVersion = "Xcode 13.0";
			developmentRegion = en;
			hasScannedForEncodings = 0;
			knownRegions = (
				en,
				Base,
			);
			mainGroup = 5272E22D2C1663360083F7FC;
			productRefGroup = 5272E2372C1663360083F7FC /* Products */;
			projectDirPath = "";
			projectRoot = "";
			targets = (
				5272E2352C1663360083F7FC /* EpicRPS */,
			);
		};
/* End PBXProject section */

/* Begin PBXResourcesBuildPhase section */
		5272E2342C1663360083F7FC /* Resources */ = {
			isa = PBXResourcesBuildPhase;
			buildActionMask = 2147483647;
			files = (
				5272E2432C1663370083F7FC /* Assets.xcassets in Resources */,
				5272E2562C16750D0083F7FC /* Rubik-Bold.ttf in Resources */,
				5272E2552C16750D0083F7FC /* Rubik-Regular.ttf in Resources */,
				5272E25B2C16754B0083F7FC /* Poppins-Black.ttf in Resources */,
				5272E2582C16750D0083F7FC /* Rubik-Medium.ttf in Resources */,
				5272E2572C16750D0083F7FC /* Rubik-Black.ttf in Resources */,
				5272E2462C1663370083F7FC /* Base in Resources */,
				5272E25C2C16754B0083F7FC /* Poppins-Regular.ttf in Resources */,
			);
			runOnlyForDeploymentPostprocessing = 0;
		};
/* End PBXResourcesBuildPhase section */

/* Begin PBXSourcesBuildPhase section */
		5272E2322C1663360083F7FC /* Sources */ = {
			isa = PBXSourcesBuildPhase;
			buildActionMask = 2147483647;
			files = (
				526DF7972C1FA90A008A7818 /* RPSImageView.swift in Sources */,
				5272E2752C16818C0083F7FC /* FightLoadView.swift in Sources */,
				5272E2752C16818C0083F7FC /* FightLoadView.swift in Sources */,
				526DF7AD2C2BEEEA008A7818 /* RPSTimeView.swift in Sources */,
				526DF7922C1FA469008A7818 /* UILabel + ext.swift in Sources */,
				5272E2AF2C1A6AA50083F7FC /* RPSPlayerInfoView.swift in Sources */,
				5272E2B22C1A6ADC0083F7FC /* UIViewController + ext.swift in Sources */,
				526DF7712C1B7291008A7818 /* GameState.swift in Sources */,
				526DF7862C1F9239008A7818 /* StorageManager.swift in Sources */,
				526DF7BB2C2C20D8008A7818 /* RPSTableView.swift in Sources */,
				526DF7C22C302BA5008A7818 /* RPSTopTitlesView.swift in Sources */,
				526DF7AB2C2BEB7B008A7818 /* SettingsViewController.swift in Sources */,
				5272E2712C1680B50083F7FC /* RulesViewController.swift in Sources */,
				526DF7A52C26149D008A7818 /* UIButton + ext.swift in Sources */,
				526DF76F2C1B71F4008A7818 /* RPSSign.swift in Sources */,
				526DF7AF2C2BF213008A7818 /* RPSSettingsView.swift in Sources */,
				5272E25E2C1676940083F7FC /* Font.swift in Sources */,
				526DF7CA2C303B2E008A7818 /* RPSUserNameTextFieldAlert.swift in Sources */,
				526DF78E2C1F9BF3008A7818 /* UIProgressView + ext.swift in Sources */,
				526DF7C02C3029C7008A7818 /* RPSUserView.swift in Sources */,
				5272E23A2C1663360083F7FC /* AppDelegate.swift in Sources */,
				526DF76B2C1B4115008A7818 /* UIView + ext.swift in Sources */,
				526DF7C82C303B25008A7818 /* RPSUserAvatarAlert.swift in Sources */,
				526DF7BE2C2C2177008A7818 /* RPSTableViewCell.swift in Sources */,
				5272E23C2C1663360083F7FC /* SceneDelegate.swift in Sources */,
				5272E2732C1680E70083F7FC /* GameViewController.swift in Sources */,
				526DF7942C1FA7FF008A7818 /* UIStackView + ext.swift in Sources */,
				526DF7752C1DB111008A7818 /* Player.swift in Sources */,
				526DF7902C1F9F91008A7818 /* UIImageView + ext.swift in Sources */,
				526DF7892C1F9604008A7818 /* RPSSignButton.swift in Sources */,
				5272E26F2C167FC40083F7FC /* MainViewController.swift in Sources */,
				526DF7A72C2BEA30008A7818 /* RPSTimeButton.swift in Sources */,
				526DF7A12C261081008A7818 /* FightResultsController.swift in Sources */,
				526DF7B92C2C1D4C008A7818 /* StatisticsViewController.swift in Sources */,
			);
			runOnlyForDeploymentPostprocessing = 0;
		};
/* End PBXSourcesBuildPhase section */

/* Begin PBXVariantGroup section */
		5272E2442C1663370083F7FC /* LaunchScreen.storyboard */ = {
			isa = PBXVariantGroup;
			children = (
				5272E2452C1663370083F7FC /* Base */,
			);
			name = LaunchScreen.storyboard;
			sourceTree = "<group>";
		};
/* End PBXVariantGroup section */

/* Begin XCBuildConfiguration section */
		5272E2482C1663370083F7FC /* Debug */ = {
			isa = XCBuildConfiguration;
			buildSettings = {
				ALWAYS_SEARCH_USER_PATHS = NO;
				ASSETCATALOG_COMPILER_GENERATE_SWIFT_ASSET_SYMBOL_EXTENSIONS = YES;
				CLANG_ANALYZER_NONNULL = YES;
				CLANG_ANALYZER_NUMBER_OBJECT_CONVERSION = YES_AGGRESSIVE;
				CLANG_CXX_LANGUAGE_STANDARD = "gnu++20";
				CLANG_ENABLE_MODULES = YES;
				CLANG_ENABLE_OBJC_ARC = YES;
				CLANG_ENABLE_OBJC_WEAK = YES;
				CLANG_WARN_BLOCK_CAPTURE_AUTORELEASING = YES;
				CLANG_WARN_BOOL_CONVERSION = YES;
				CLANG_WARN_COMMA = YES;
				CLANG_WARN_CONSTANT_CONVERSION = YES;
				CLANG_WARN_DEPRECATED_OBJC_IMPLEMENTATIONS = YES;
				CLANG_WARN_DIRECT_OBJC_ISA_USAGE = YES_ERROR;
				CLANG_WARN_DOCUMENTATION_COMMENTS = YES;
				CLANG_WARN_EMPTY_BODY = YES;
				CLANG_WARN_ENUM_CONVERSION = YES;
				CLANG_WARN_INFINITE_RECURSION = YES;
				CLANG_WARN_INT_CONVERSION = YES;
				CLANG_WARN_NON_LITERAL_NULL_CONVERSION = YES;
				CLANG_WARN_OBJC_IMPLICIT_RETAIN_SELF = YES;
				CLANG_WARN_OBJC_LITERAL_CONVERSION = YES;
				CLANG_WARN_OBJC_ROOT_CLASS = YES_ERROR;
				CLANG_WARN_QUOTED_INCLUDE_IN_FRAMEWORK_HEADER = YES;
				CLANG_WARN_RANGE_LOOP_ANALYSIS = YES;
				CLANG_WARN_STRICT_PROTOTYPES = YES;
				CLANG_WARN_SUSPICIOUS_MOVE = YES;
				CLANG_WARN_UNGUARDED_AVAILABILITY = YES_AGGRESSIVE;
				CLANG_WARN_UNREACHABLE_CODE = YES;
				CLANG_WARN__DUPLICATE_METHOD_MATCH = YES;
				COPY_PHASE_STRIP = NO;
				DEBUG_INFORMATION_FORMAT = dwarf;
				ENABLE_STRICT_OBJC_MSGSEND = YES;
				ENABLE_TESTABILITY = YES;
				ENABLE_USER_SCRIPT_SANDBOXING = YES;
				GCC_C_LANGUAGE_STANDARD = gnu17;
				GCC_DYNAMIC_NO_PIC = NO;
				GCC_NO_COMMON_BLOCKS = YES;
				GCC_OPTIMIZATION_LEVEL = 0;
				GCC_PREPROCESSOR_DEFINITIONS = (
					"DEBUG=1",
					"$(inherited)",
				);
				GCC_WARN_64_TO_32_BIT_CONVERSION = YES;
				GCC_WARN_ABOUT_RETURN_TYPE = YES_ERROR;
				GCC_WARN_UNDECLARED_SELECTOR = YES;
				GCC_WARN_UNINITIALIZED_AUTOS = YES_AGGRESSIVE;
				GCC_WARN_UNUSED_FUNCTION = YES;
				GCC_WARN_UNUSED_VARIABLE = YES;
				IPHONEOS_DEPLOYMENT_TARGET = 17.4;
				LOCALIZATION_PREFERS_STRING_CATALOGS = YES;
				MTL_ENABLE_DEBUG_INFO = INCLUDE_SOURCE;
				MTL_FAST_MATH = YES;
				ONLY_ACTIVE_ARCH = YES;
				SDKROOT = iphoneos;
				SWIFT_ACTIVE_COMPILATION_CONDITIONS = "DEBUG $(inherited)";
				SWIFT_OPTIMIZATION_LEVEL = "-Onone";
			};
			name = Debug;
		};
		5272E2492C1663370083F7FC /* Release */ = {
			isa = XCBuildConfiguration;
			buildSettings = {
				ALWAYS_SEARCH_USER_PATHS = NO;
				ASSETCATALOG_COMPILER_GENERATE_SWIFT_ASSET_SYMBOL_EXTENSIONS = YES;
				CLANG_ANALYZER_NONNULL = YES;
				CLANG_ANALYZER_NUMBER_OBJECT_CONVERSION = YES_AGGRESSIVE;
				CLANG_CXX_LANGUAGE_STANDARD = "gnu++20";
				CLANG_ENABLE_MODULES = YES;
				CLANG_ENABLE_OBJC_ARC = YES;
				CLANG_ENABLE_OBJC_WEAK = YES;
				CLANG_WARN_BLOCK_CAPTURE_AUTORELEASING = YES;
				CLANG_WARN_BOOL_CONVERSION = YES;
				CLANG_WARN_COMMA = YES;
				CLANG_WARN_CONSTANT_CONVERSION = YES;
				CLANG_WARN_DEPRECATED_OBJC_IMPLEMENTATIONS = YES;
				CLANG_WARN_DIRECT_OBJC_ISA_USAGE = YES_ERROR;
				CLANG_WARN_DOCUMENTATION_COMMENTS = YES;
				CLANG_WARN_EMPTY_BODY = YES;
				CLANG_WARN_ENUM_CONVERSION = YES;
				CLANG_WARN_INFINITE_RECURSION = YES;
				CLANG_WARN_INT_CONVERSION = YES;
				CLANG_WARN_NON_LITERAL_NULL_CONVERSION = YES;
				CLANG_WARN_OBJC_IMPLICIT_RETAIN_SELF = YES;
				CLANG_WARN_OBJC_LITERAL_CONVERSION = YES;
				CLANG_WARN_OBJC_ROOT_CLASS = YES_ERROR;
				CLANG_WARN_QUOTED_INCLUDE_IN_FRAMEWORK_HEADER = YES;
				CLANG_WARN_RANGE_LOOP_ANALYSIS = YES;
				CLANG_WARN_STRICT_PROTOTYPES = YES;
				CLANG_WARN_SUSPICIOUS_MOVE = YES;
				CLANG_WARN_UNGUARDED_AVAILABILITY = YES_AGGRESSIVE;
				CLANG_WARN_UNREACHABLE_CODE = YES;
				CLANG_WARN__DUPLICATE_METHOD_MATCH = YES;
				COPY_PHASE_STRIP = NO;
				DEBUG_INFORMATION_FORMAT = "dwarf-with-dsym";
				ENABLE_NS_ASSERTIONS = NO;
				ENABLE_STRICT_OBJC_MSGSEND = YES;
				ENABLE_USER_SCRIPT_SANDBOXING = YES;
				GCC_C_LANGUAGE_STANDARD = gnu17;
				GCC_NO_COMMON_BLOCKS = YES;
				GCC_WARN_64_TO_32_BIT_CONVERSION = YES;
				GCC_WARN_ABOUT_RETURN_TYPE = YES_ERROR;
				GCC_WARN_UNDECLARED_SELECTOR = YES;
				GCC_WARN_UNINITIALIZED_AUTOS = YES_AGGRESSIVE;
				GCC_WARN_UNUSED_FUNCTION = YES;
				GCC_WARN_UNUSED_VARIABLE = YES;
				IPHONEOS_DEPLOYMENT_TARGET = 17.4;
				LOCALIZATION_PREFERS_STRING_CATALOGS = YES;
				MTL_ENABLE_DEBUG_INFO = NO;
				MTL_FAST_MATH = YES;
				SDKROOT = iphoneos;
				SWIFT_COMPILATION_MODE = wholemodule;
				VALIDATE_PRODUCT = YES;
			};
			name = Release;
		};
		5272E24B2C1663370083F7FC /* Debug */ = {
			isa = XCBuildConfiguration;
			buildSettings = {
				ASSETCATALOG_COMPILER_APPICON_NAME = AppIcon;
				ASSETCATALOG_COMPILER_GLOBAL_ACCENT_COLOR_NAME = AccentColor;
				CODE_SIGN_STYLE = Automatic;
				CURRENT_PROJECT_VERSION = 1;
				DEVELOPMENT_TEAM = 6P3D789X98;
				GENERATE_INFOPLIST_FILE = YES;
				INFOPLIST_FILE = EpicRPS/SupportingFiles/Info.plist;
				INFOPLIST_KEY_UIApplicationSupportsIndirectInputEvents = YES;
				INFOPLIST_KEY_UILaunchStoryboardName = LaunchScreen;
				INFOPLIST_KEY_UISupportedInterfaceOrientations = UIInterfaceOrientationPortrait;
				INFOPLIST_KEY_UISupportedInterfaceOrientations_iPad = "UIInterfaceOrientationLandscapeLeft UIInterfaceOrientationLandscapeRight UIInterfaceOrientationPortrait UIInterfaceOrientationPortraitUpsideDown";
				IPHONEOS_DEPLOYMENT_TARGET = 15.0;
				LD_RUNPATH_SEARCH_PATHS = (
					"$(inherited)",
					"@executable_path/Frameworks",
				);
				MARKETING_VERSION = 1.0;
				PRODUCT_BUNDLE_IDENTIFIER = emazrukho.EpicRPS;
				PRODUCT_NAME = "$(TARGET_NAME)";
				SUPPORTED_PLATFORMS = "iphoneos iphonesimulator";
				SUPPORTS_MACCATALYST = NO;
				SUPPORTS_MAC_DESIGNED_FOR_IPHONE_IPAD = NO;
				SUPPORTS_XR_DESIGNED_FOR_IPHONE_IPAD = NO;
				SWIFT_EMIT_LOC_STRINGS = YES;
				SWIFT_VERSION = 5.0;
				TARGETED_DEVICE_FAMILY = 1;
			};
			name = Debug;
		};
		5272E24C2C1663370083F7FC /* Release */ = {
			isa = XCBuildConfiguration;
			buildSettings = {
				ASSETCATALOG_COMPILER_APPICON_NAME = AppIcon;
				ASSETCATALOG_COMPILER_GLOBAL_ACCENT_COLOR_NAME = AccentColor;
				CODE_SIGN_STYLE = Automatic;
				CURRENT_PROJECT_VERSION = 1;
				DEVELOPMENT_TEAM = 6P3D789X98;
				GENERATE_INFOPLIST_FILE = YES;
				INFOPLIST_FILE = EpicRPS/SupportingFiles/Info.plist;
				INFOPLIST_KEY_UIApplicationSupportsIndirectInputEvents = YES;
				INFOPLIST_KEY_UILaunchStoryboardName = LaunchScreen;
				INFOPLIST_KEY_UISupportedInterfaceOrientations = UIInterfaceOrientationPortrait;
				INFOPLIST_KEY_UISupportedInterfaceOrientations_iPad = "UIInterfaceOrientationLandscapeLeft UIInterfaceOrientationLandscapeRight UIInterfaceOrientationPortrait UIInterfaceOrientationPortraitUpsideDown";
				IPHONEOS_DEPLOYMENT_TARGET = 15.0;
				LD_RUNPATH_SEARCH_PATHS = (
					"$(inherited)",
					"@executable_path/Frameworks",
				);
				MARKETING_VERSION = 1.0;
				PRODUCT_BUNDLE_IDENTIFIER = emazrukho.EpicRPS;
				PRODUCT_NAME = "$(TARGET_NAME)";
				SUPPORTED_PLATFORMS = "iphoneos iphonesimulator";
				SUPPORTS_MACCATALYST = NO;
				SUPPORTS_MAC_DESIGNED_FOR_IPHONE_IPAD = NO;
				SUPPORTS_XR_DESIGNED_FOR_IPHONE_IPAD = NO;
				SWIFT_EMIT_LOC_STRINGS = YES;
				SWIFT_VERSION = 5.0;
				TARGETED_DEVICE_FAMILY = 1;
			};
			name = Release;
		};
/* End XCBuildConfiguration section */

/* Begin XCConfigurationList section */
		5272E2312C1663360083F7FC /* Build configuration list for PBXProject "EpicRPS" */ = {
			isa = XCConfigurationList;
			buildConfigurations = (
				5272E2482C1663370083F7FC /* Debug */,
				5272E2492C1663370083F7FC /* Release */,
			);
			defaultConfigurationIsVisible = 0;
			defaultConfigurationName = Release;
		};
		5272E24A2C1663370083F7FC /* Build configuration list for PBXNativeTarget "EpicRPS" */ = {
			isa = XCConfigurationList;
			buildConfigurations = (
				5272E24B2C1663370083F7FC /* Debug */,
				5272E24C2C1663370083F7FC /* Release */,
			);
			defaultConfigurationIsVisible = 0;
			defaultConfigurationName = Release;
		};
/* End XCConfigurationList section */
	};
	rootObject = 5272E22E2C1663360083F7FC /* Project object */;
}
